{
  "projects": [
    {
      "projectId": "cHaHvZ5h5c93gdT9a46z66",
      "version": "latest",
      "dependencies": {},
      "lang": "ts",
      "fileLocks": [
        {
          "type": "globalVariant",
          "assetId": "0NRfygwv0JsDn",
          "checksum": "af332ca591c8a7f69df444f0783366ea"
        },
        {
          "assetId": "cHaHvZ5h5c93gdT9a46z66",
          "type": "projectCss",
          "checksum": "5d242cdafa84e91a96b4524a68a93f77"
        },
        {
          "type": "renderModule",
          "assetId": "IQFpia-gwfAL",
          "checksum": "ef6fc945943b5d27b4ec377f3dca142d"
        },
        {
          "type": "cssRules",
          "assetId": "IQFpia-gwfAL",
          "checksum": "ef6fc945943b5d27b4ec377f3dca142d"
        },
        {
          "type": "icon",
          "assetId": "0tK25mBSJ5U",
          "checksum": "817d8bcf7606e0ea9b0c3b0f831c539a"
        },
        {
          "type": "icon",
          "assetId": "rbIw5gAq7av",
          "checksum": "dc6d9c3c5e44a640dfcc695886df973b"
        },
        {
          "type": "icon",
          "assetId": "gLqj9DdqYYk",
          "checksum": "8eeb030962ddb3397c6479c4aa40b26b"
        },
        {
          "type": "icon",
          "assetId": "vjXrYt6sdN4",
          "checksum": "d14eb0720dd5556c107523e7d43b1bd1"
        },
        {
          "type": "icon",
          "assetId": "cjkC8VeZsmm",
          "checksum": "8ddac19c1a5c99a21532d9fc20a00ae6"
        },
        {
          "type": "icon",
          "assetId": "8939iNvZyF_",
          "checksum": "1cd9e5f2803a62aeed10ec5663286e3a"
        },
        {
          "type": "icon",
          "assetId": "hz4C60YLRgZ",
          "checksum": "e9c54766b74a5d70e3e014d04ac057eb"
        },
        {
          "type": "icon",
          "assetId": "ePmYx2NxGAo",
          "checksum": "d777bec32125974133ebbbd8442e074c"
        },
        {
          "type": "icon",
          "assetId": "24nuuO4F2u4",
          "checksum": "2a073be0147711b9c5430948a8c0aba7"
        },
        {
          "type": "icon",
          "assetId": "knPg1qb34N4",
          "checksum": "92aded567005344b00fa026b9f574c4f"
        },
        {
          "type": "icon",
          "assetId": "Bmu0bCtAp0w",
          "checksum": "d316a9da04c38d4e9a926eb0a1766727"
        },
        {
          "type": "icon",
          "assetId": "Izz-Z_VucSG",
          "checksum": "4e141e66b24ef8f191bb474418b81b14"
        },
        {
          "type": "icon",
          "assetId": "ZrsEc2BnHTM",
          "checksum": "985d19d6a8b7956a72e93f63ea7d724c"
        },
        {
          "type": "icon",
          "assetId": "qyHI6Lo9G4o",
          "checksum": "ded7b666d9183e5203faee7f0c431e80"
        },
        {
          "type": "icon",
          "assetId": "4zJ6apwg5ah",
          "checksum": "2d54004de59d563768d3f132193e6abe"
        },
        {
          "type": "icon",
          "assetId": "8zK8FzSa0-X",
          "checksum": "17f865f11e38358546c83b89823588f9"
        },
        {
          "type": "icon",
          "assetId": "ea_lWEmsmUm",
          "checksum": "c4fb439cbc4f6433732c09f967c3d9b1"
        },
        {
          "type": "icon",
          "assetId": "I7tF51Tl4Yv",
          "checksum": "19f931daea48d90cdc4d3f584a756935"
        },
        {
          "type": "image",
          "assetId": "muAOHo5Rt",
          "checksum": "29fde20657e7b9ade54276272a8ddc68"
        },
        {
          "type": "image",
          "assetId": "Xd1a5mP7ts",
          "checksum": "ce85a760ba2c045626485388199c8393"
        },
        {
          "type": "image",
          "assetId": "4aFDW6kAw-",
          "checksum": "7b447b3f8d84197d482f6783fc3fe067"
        },
        {
          "type": "image",
          "assetId": "KdDfd94Njk",
          "checksum": "3608685ef0b1686ffe4e4c63477d1b07"
        },
        {
          "type": "image",
          "assetId": "4i42ITq3AL",
          "checksum": "fc97c4e1b28f1cc340a5cad2f5c4430e"
        },
        {
          "type": "image",
          "assetId": "30qqBl3tX4",
          "checksum": "2d047db99d8e665321c1ed1d0644efb9"
        },
        {
          "type": "image",
          "assetId": "pXhxIwP1G7",
          "checksum": "b60dd6b650021258830e1c652797eb9e"
        },
        {
          "type": "image",
          "assetId": "48kj9Sp-QP",
          "checksum": "c6ddc0482a55c588dc049e0f1d6e4738"
        },
        {
          "type": "image",
          "assetId": "oqY1VD_VlK",
          "checksum": "73dcc73556a826169050f89efe66945d"
        },
        {
          "type": "image",
          "assetId": "sFyA_rCFar",
          "checksum": "51eab57257f96a3d7d097e9e191fe07b"
        },
        {
          "type": "image",
          "assetId": "IbesLOIVww",
          "checksum": "37267e6da7431c8c02b2244b6176215d"
        },
        {
          "type": "image",
          "assetId": "ZkT3rLwrHW",
          "checksum": "4ed6e0da996f83606b92ac2405c005c1"
        },
        {
          "type": "image",
          "assetId": "VmW4JIhyKz",
          "checksum": "d264df891a1d0dba5003815aa212cb30"
        },
        {
          "type": "image",
          "assetId": "JdvgTzjUyj",
          "checksum": "dbedc4095328bcd397d96822a095ea1b"
        },
        {
          "type": "image",
          "assetId": "NhaejoR18q",
          "checksum": "3c4a41d10b9d08660efa686f05815b4b"
        },
        {
          "type": "image",
          "assetId": "BTtsxP50ih",
          "checksum": "625232282348e509efe1e1b1c7ecef38"
        },
        {
          "type": "image",
          "assetId": "JiXQPu08vh4",
          "checksum": "f362ba13dca180cb61e2e18a81de29d1"
        },
        {
          "type": "image",
          "assetId": "Zg9vBItZ6fw",
          "checksum": "ab5073f74312f6d57373945a3874ac94"
        },
        {
          "type": "image",
          "assetId": "_iIyif0mUJd",
          "checksum": "d1a21762b238a278c22ce6452e7caf76"
        },
        {
          "type": "image",
          "assetId": "uqwAjPqg6eD",
          "checksum": "4f422f2b8d99fc37d9adb73eef4d63f1"
        },
        {
          "type": "image",
          "assetId": "hYlHOy7AKp0",
          "checksum": "ecbf5f0085edc58ab53f37b3d2b154a3"
        },
        {
          "type": "image",
          "assetId": "JaGgQLsMxQz",
          "checksum": "43660636fd7888c4847bd54fb133f719"
        },
        {
          "type": "image",
          "assetId": "g2D087kI9vF",
          "checksum": "7ccd07288171056add6ea79d144c417b"
        },
        {
          "type": "image",
          "assetId": "1xrUF7n5nhW",
          "checksum": "075ed27e9534d855c89565301b93113f"
        },
        {
          "type": "image",
          "assetId": "V-lU8JxnOnQ",
          "checksum": "d553916559846160a9c409356943de5e"
        },
        {
          "type": "image",
          "assetId": "01nGd2QsjWu",
          "checksum": "405e03fc9aca8f4500799cb1c2ab4e31"
        }
      ],
      "codegenVersion": "0.0.1"
    }
  ],
  "cliVersion": "0.1.186"
}
